
Microsoft Visual Studio Solution File, Format Version 12.00
# Visual Studio Version 17
VisualStudioVersion = 17.4.33205.214
MinimumVisualStudioVersion = 10.0.40219.1
Project("{FAE04EC0-301F-11D3-BF4B-00C04F79EFBC}") = "AspNetTestApi", "AspNetTestApi\AspNetTestApi.csproj", "{85AEA8B0-281A-408D-96C0-861563FE34BC}"
EndProject
Project("{FAE04EC0-301F-11D3-BF4B-00C04F79EFBC}") = "ClientDesktopApp", "ClientDesktopApp\ClientDesktopApp.csproj", "{AB464090-B94E-44D4-B11F-EA2C116A92B7}"
EndProject
Project("{FAE04EC0-301F-11D3-BF4B-00C04F79EFBC}") = "DomainModel", "DomainModel\DomainModel.csproj", "{FCF10D66-B96A-4673-9785-C749D482CC26}"
EndProject
Global
	GlobalSection(SolutionConfigurationPlatforms) = preSolution
		Debug|Any CPU = Debug|Any CPU
		Release|Any CPU = Release|Any CPU
	EndGlobalSection
	GlobalSection(ProjectConfigurationPlatforms) = postSolution
		{85AEA8B0-281A-408D-96C0-861563FE34BC}.Debug|Any CPU.ActiveCfg = Debug|Any CPU
		{85AEA8B0-281A-408D-96C0-861563FE34BC}.Debug|Any CPU.Build.0 = Debug|Any CPU
		{85AEA8B0-281A-408D-96C0-861563FE34BC}.Release|Any CPU.ActiveCfg = Release|Any CPU
		{85AEA8B0-281A-408D-96C0-861563FE34BC}.Release|Any CPU.Build.0 = Release|Any CPU
		{AB464090-B94E-44D4-B11F-EA2C116A92B7}.Debug|Any CPU.ActiveCfg = Debug|Any CPU
		{AB464090-B94E-44D4-B11F-EA2C116A92B7}.Debug|Any CPU.Build.0 = Debug|Any CPU
		{AB464090-B94E-44D4-B11F-EA2C116A92B7}.Release|Any CPU.ActiveCfg = Release|Any CPU
		{AB464090-B94E-44D4-B11F-EA2C116A92B7}.Release|Any CPU.Build.0 = Release|Any CPU
		{FCF10D66-B96A-4673-9785-C749D482CC26}.Debug|Any CPU.ActiveCfg = Debug|Any CPU
		{FCF10D66-B96A-4673-9785-C749D482CC26}.Debug|Any CPU.Build.0 = Debug|Any CPU
		{FCF10D66-B96A-4673-9785-C749D482CC26}.Release|Any CPU.ActiveCfg = Release|Any CPU
		{FCF10D66-B96A-4673-9785-C749D482CC26}.Release|Any CPU.Build.0 = Release|Any CPU
	EndGlobalSection
	GlobalSection(SolutionProperties) = preSolution
		HideSolutionNode = FALSE
	EndGlobalSection
	GlobalSection(ExtensibilityGlobals) = postSolution
		SolutionGuid = {DFBC3951-68CC-481A-98C0-E56DB6A830A1}
	EndGlobalSection
EndGlobal
